
Microsoft Visual Studio Solution File, Format Version 12.00
# Visual Studio Version 17
VisualStudioVersion = 17.1.32319.34
MinimumVisualStudioVersion = 10.0.40219.1
Project("{FAE04EC0-301F-11D3-BF4B-00C04F79EFBC}") = "WinFormsApp-UDPSERVER", "WinFormsApp-UDPSERVER\WinFormsApp-UDPSERVER.csproj", "{9EB256C8-C985-4C92-8F43-E014C9370015}"
EndProject
Global
	GlobalSection(SolutionConfigurationPlatforms) = preSolution
		Debug|Any CPU = Debug|Any CPU
		Release|Any CPU = Release|Any CPU
	EndGlobalSection
	GlobalSection(ProjectConfigurationPlatforms) = postSolution
		{9EB256C8-C985-4C92-8F43-E014C9370015}.Debug|Any CPU.ActiveCfg = Debug|Any CPU
		{9EB256C8-C985-4C92-8F43-E014C9370015}.Debug|Any CPU.Build.0 = Debug|Any CPU
		{9EB256C8-C985-4C92-8F43-E014C9370015}.Release|Any CPU.ActiveCfg = Release|Any CPU
		{9EB256C8-C985-4C92-8F43-E014C9370015}.Release|Any CPU.Build.0 = Release|Any CPU
	EndGlobalSection
	GlobalSection(SolutionProperties) = preSolution
		HideSolutionNode = FALSE
	EndGlobalSection
	GlobalSection(ExtensibilityGlobals) = postSolution
		SolutionGuid = {3C345DA3-52C9-4192-8DA2-E56026543E84}
	EndGlobalSection
EndGlobal
